<Solution>
  <Folder Name="/src/">
    <Project Path="src/NzyteTv.Cli/NzyteTv.Cli.csproj" />
    <Project Path="src/NzyteTv.Core/NzyteTv.Core.csproj" />
    <Project Path="src/NzyteTv.Media/NzyteTv.Media.csproj" />
  </Folder>
  <Folder Name="/tests/">
    <Project Path="tests/NzyteTv.Core.Tests/NzyteTv.Core.Tests.csproj" />
    <Project Path="tests/NzyteTv.Media.Tests/NzyteTv.Media.Tests.csproj" />
  </Folder>
</Solution>
